
Microsoft Visual Studio Solution File, Format Version 12.00
# Visual Studio 15
VisualStudioVersion = 15.0.28307.572
MinimumVisualStudioVersion = 10.0.40219.1
Project("{2150E333-8FDC-42A3-9474-1A3956D46DE8}") = "Utility", "Utility", "{F8605E62-EA7B-4A91-85F0-A37B01CABDAF}"
EndProject
Project("{9A19103F-16F7-4668-BE54-9A1E7A4F7556}") = "RssReader", "RssReader\RssReader.csproj", "{8E3DD640-9D42-43F0-B796-5DF7EB27D213}"
EndProject
Project("{9A19103F-16F7-4668-BE54-9A1E7A4F7556}") = "RssReader.Abstract", "RssReader.Abstract\RssReader.Abstract.csproj", "{469DED37-0B11-461B-A03A-0FC39FDDB9EE}"
EndProject
Project("{9A19103F-16F7-4668-BE54-9A1E7A4F7556}") = "RssReader.Core.Container", "RssReader.Core.Container\RssReader.Core.Container.csproj", "{A5C878A3-7223-4711-A838-3772E7B35807}"
EndProject
Project("{9A19103F-16F7-4668-BE54-9A1E7A4F7556}") = "RssReader.Model.Abstract", "RssReader.Model.Abstract\RssReader.Model.Abstract.csproj", "{DD5CACCA-F077-480D-A84B-A5FB59E89EC4}"
EndProject
Project("{9A19103F-16F7-4668-BE54-9A1E7A4F7556}") = "RssReader.ModelFactory.Abstract", "RssReader.ModelFactory.Abstract\RssReader.ModelFactory.Abstract.csproj", "{E28C1E10-14E4-4207-B809-AA8214C7B3F1}"
EndProject
Project("{9A19103F-16F7-4668-BE54-9A1E7A4F7556}") = "RssReader.ModelFactory.Implementation", "RssReader.ModelFactory.Implementation\RssReader.ModelFactory.Implementation.csproj", "{3FDF3B9F-39DC-433A-9D70-1DF425B3F805}"
EndProject
Project("{9A19103F-16F7-4668-BE54-9A1E7A4F7556}") = "RssReader.Models.Implementations", "RssReader.Models.Implementations\RssReader.Models.Implementations.csproj", "{F21FFCD9-B38B-42F9-916E-0763EE01E163}"
EndProject
Project("{9A19103F-16F7-4668-BE54-9A1E7A4F7556}") = "RssReader.WebClientWrapper", "RssReader.WebClientWrapper\RssReader.WebClientWrapper.csproj", "{A5A6A6FE-01EB-4D1E-98C1-02EEEBBF6456}"
EndProject
Project("{9A19103F-16F7-4668-BE54-9A1E7A4F7556}") = "RssReader.WebClientWrapper.Abstract", "RssReader.WebClientWrapper.Abstract\RssReader.WebClientWrapper.Abstract.csproj", "{7217800F-8194-482A-8DD5-2AE945EB6F7D}"
EndProject
Project("{9A19103F-16F7-4668-BE54-9A1E7A4F7556}") = "RssReader.XDocumentWrapper", "RssReader.XDocumentWrapper\RssReader.XDocumentWrapper.csproj", "{10064D49-6A4A-4855-9386-97054EDCB6C6}"
EndProject
Project("{9A19103F-16F7-4668-BE54-9A1E7A4F7556}") = "RssReader.XDocumentWrapper.Abstract", "RssReader.XDocumentWrapper.Abstract\RssReader.XDocumentWrapper.Abstract.csproj", "{3084DD69-0505-4D2E-B6A0-D6831A460A3C}"
EndProject
Project("{2150E333-8FDC-42A3-9474-1A3956D46DE8}") = "RssReading", "RssReading", "{7EFEBC2B-D9D5-4504-8BE6-3FD70D8482B2}"
EndProject
Project("{2150E333-8FDC-42A3-9474-1A3956D46DE8}") = "Presentation", "Presentation", "{A065D00C-9F8A-4FE6-A2FE-C5C163A21483}"
EndProject
Project("{9A19103F-16F7-4668-BE54-9A1E7A4F7556}") = "ProxyNews.API", "..\ProxyNews.API\ProxyNews.API.csproj", "{75F404F3-05C7-4784-B025-3D1AEB5128ED}"
EndProject
Project("{9A19103F-16F7-4668-BE54-9A1E7A4F7556}") = "ProxyNews.Web", "ProxyNews.Web\ProxyNews.Web.csproj", "{CFE25296-29C1-46C9-BF19-5CECC45E0048}"
EndProject
Project("{2150E333-8FDC-42A3-9474-1A3956D46DE8}") = "Data", "Data", "{1EEF1FE8-8365-47A8-8400-666964679E75}"
EndProject
Project("{2150E333-8FDC-42A3-9474-1A3956D46DE8}") = "Domain", "Domain", "{2F97F296-B7A0-4337-BAEE-36EABCBF6AD8}"
EndProject
Project("{2150E333-8FDC-42A3-9474-1A3956D46DE8}") = "Json", "Json", "{7D6EF8BE-C5BE-4264-AB5E-86CD61D1D0DE}"
EndProject
Project("{9A19103F-16F7-4668-BE54-9A1E7A4F7556}") = "ProxyNews.Json.ModelFactory", "ProxyNews.Json.ModelFactory\ProxyNews.Json.ModelFactory.csproj", "{1FA8EADA-5713-4509-A9EA-811755636041}"
EndProject
Project("{9A19103F-16F7-4668-BE54-9A1E7A4F7556}") = "ProxyNews.Json.ModelFactory.Abstract", "ProxyNews.Json.ModelFactory.Abstract\ProxyNews.Json.ModelFactory.Abstract.csproj", "{AA6EC0B5-21C8-4058-8023-6794B2A65AFE}"
EndProject
Project("{2150E333-8FDC-42A3-9474-1A3956D46DE8}") = "HttpClientFactoryWrapper", "HttpClientFactoryWrapper", "{C5F9D31D-FE71-4EE4-9968-E07F741C0A3D}"
EndProject
Project("{9A19103F-16F7-4668-BE54-9A1E7A4F7556}") = "ProxyNews.HttpClientFactoryWrapper.Abstract", "ProxyNews.HttpClientFactoryWrapper.Abstract\ProxyNews.HttpClientFactoryWrapper.Abstract.csproj", "{5ADECD84-B188-4F95-9621-B2E98A83C613}"
EndProject
Project("{9A19103F-16F7-4668-BE54-9A1E7A4F7556}") = "ProxyNews.HttpClientFactory", "ProxyNews.HttpClientFactory\ProxyNews.HttpClientFactory.csproj", "{680BAE7A-3E88-4C34-A2C9-CA6289FCA38D}"
EndProject
Project("{2150E333-8FDC-42A3-9474-1A3956D46DE8}") = "GET_APIRequestService", "GET_APIRequestService", "{8A7F4886-1BCF-4BC5-8515-5B1FE77BA0C0}"
EndProject
Project("{2150E333-8FDC-42A3-9474-1A3956D46DE8}") = "NewsList", "NewsList", "{CCF36039-A7AA-4996-BB19-D44B4E6DF244}"
EndProject
Project("{9A19103F-16F7-4668-BE54-9A1E7A4F7556}") = "ProxyNews.APIRequestService.NewsList", "ProxyNews.APIRequestService.NewsList\ProxyNews.APIRequestService.NewsList.csproj", "{A84D44B5-B97A-4994-AAB2-13836663C9D4}"
EndProject
Project("{9A19103F-16F7-4668-BE54-9A1E7A4F7556}") = "ProxyNews.APIRequestService.Abstract", "ProxyNews.APIRequestService.Abstract\ProxyNews.APIRequestService.Abstract.csproj", "{6D93859E-B08F-4DB6-B13B-9B578309205D}"
EndProject
Project("{9A19103F-16F7-4668-BE54-9A1E7A4F7556}") = "ProxyNews.APIRequestService.DTOs", "ProxyNews.APIRequestService.DTOs\ProxyNews.APIRequestService.DTOs.csproj", "{504DB89A-5607-448F-99E0-39FED6628A04}"
EndProject
Project("{9A19103F-16F7-4668-BE54-9A1E7A4F7556}") = "ProxyNews.Json.Models", "ProxyNews.Json.Models\ProxyNews.Json.Models.csproj", "{2B035CB0-4592-4D71-8FA1-FB43F4F62573}"
EndProject
Project("{9A19103F-16F7-4668-BE54-9A1E7A4F7556}") = "ProxyNews.APIRequestService.HttpClient", "ProxyNews.APIRequestService.HttpClient\ProxyNews.APIRequestService.HttpClient.csproj", "{5EAA0F78-33FB-4FAA-8DC3-A08C544C44FA}"
EndProject
Project("{9A19103F-16F7-4668-BE54-9A1E7A4F7556}") = "AproxyNews.APIRequestService.ModelFactory", "AproxyNews.APIRequestService.ModelFactory\AproxyNews.APIRequestService.ModelFactory.csproj", "{B76D0246-CCEE-4DBC-B315-55BC007A0A40}"
EndProject
Project("{9A19103F-16F7-4668-BE54-9A1E7A4F7556}") = "RssReader.ModelFactory.Validator", "RssReader.ModelFactory.Validator\RssReader.ModelFactory.Validator.csproj", "{802D40A6-270F-4E4E-B5DD-CAF6B675DEB8}"
EndProject
Project("{9A19103F-16F7-4668-BE54-9A1E7A4F7556}") = "RssReader.ModelFactory.Validator.Abstract", "RssReader.ModelFactory.Validator.Abstract\RssReader.ModelFactory.Validator.Abstract.csproj", "{140B0531-037B-49DF-98FA-D7AC451A6DD9}"
EndProject
Project("{9A19103F-16F7-4668-BE54-9A1E7A4F7556}") = "RssReader.ModelFactory.XElementInterpretator", "RssReader.ModelFactory.XElementInterpretator\RssReader.ModelFactory.XElementInterpretator.csproj", "{47A85B75-FA54-4E4E-98DC-A181A6373996}"
EndProject
Project("{9A19103F-16F7-4668-BE54-9A1E7A4F7556}") = "RssReader.ModelFactory.WElementInterpretator.Abstract", "RssReader.ModelFactory.WElementInterpretator.Abstract\RssReader.ModelFactory.WElementInterpretator.Abstract.csproj", "{3D052A2F-3AA4-4FEA-A2BF-4C3BDCFB1EE8}"
EndProject
Project("{9A19103F-16F7-4668-BE54-9A1E7A4F7556}") = "RssReader.ModelFactory.Format", "RssReader.ModelFactory.Format\RssReader.ModelFactory.Format.csproj", "{829BCEA1-9AE2-40F3-96D3-A66287943479}"
EndProject
Project("{9A19103F-16F7-4668-BE54-9A1E7A4F7556}") = "RssReader.ModelFactory.Format.Abstract", "RssReader.ModelFactory.Format.Abstract\RssReader.ModelFactory.Format.Abstract.csproj", "{EFD9398D-1F7B-4BFF-B85E-BBF98979F5BE}"
EndProject
Project("{2150E333-8FDC-42A3-9474-1A3956D46DE8}") = "Wrappers", "Wrappers", "{333FCF57-C20C-4879-9D24-3D85E02F8CE2}"
EndProject
Project("{2150E333-8FDC-42A3-9474-1A3956D46DE8}") = "ModelFactory", "ModelFactory", "{B50BDE6C-7C90-4CE5-B98E-20F23AEFCE36}"
EndProject
Project("{2150E333-8FDC-42A3-9474-1A3956D46DE8}") = "Core", "Core", "{B979B06C-E39B-4B0D-A874-18992E71C259}"
EndProject
Project("{2150E333-8FDC-42A3-9474-1A3956D46DE8}") = "Model", "Model", "{64176CFC-FEFA-4170-8D0C-B91BE0F72F6F}"
EndProject
Project("{2150E333-8FDC-42A3-9474-1A3956D46DE8}") = "Container", "Container", "{CD39D2CB-1562-41C2-B25B-DA73C69AE2E7}"
EndProject
Project("{2150E333-8FDC-42A3-9474-1A3956D46DE8}") = "Main", "Main", "{B4CD07AA-4D34-45D5-AC6E-8BE382BC0C7D}"
EndProject
Project("{2150E333-8FDC-42A3-9474-1A3956D46DE8}") = "ModelFactory", "ModelFactory", "{436803A2-BB67-4B66-B24A-0841ECBE1551}"
EndProject
Project("{2150E333-8FDC-42A3-9474-1A3956D46DE8}") = "Models", "Models", "{04A34251-14A5-45AA-9014-C52684BCB0C6}"
EndProject
Project("{2150E333-8FDC-42A3-9474-1A3956D46DE8}") = "WebDomain", "WebDomain", "{A203C70E-751C-4161-ABF0-F41FE5D37093}"
EndProject
Project("{2150E333-8FDC-42A3-9474-1A3956D46DE8}") = "APIDomain", "APIDomain", "{DA561C1C-9C8A-4B61-B63F-ACF2D58E50D0}"
EndProject
Project("{2150E333-8FDC-42A3-9474-1A3956D46DE8}") = "Config", "Config", "{C9460967-20D9-4AF2-834F-F06C170F4E43}"
EndProject
Project("{FAE04EC0-301F-11D3-BF4B-00C04F79EFBC}") = "RssReaderConfigurations", "RssReaderConfigurations\RssReaderConfigurations.csproj", "{A63139F6-FFBD-4B7D-91E1-3A25BA3B9706}"
EndProject
Project("{2150E333-8FDC-42A3-9474-1A3956D46DE8}") = "Utility", "Utility", "{5ECF34A2-15DB-41E8-BC34-40E6F3E8F427}"
EndProject
Project("{2150E333-8FDC-42A3-9474-1A3956D46DE8}") = "JSON", "JSON", "{D18F1C43-5BDC-4A6F-9367-3C25FCA40A79}"
EndProject
Project("{FAE04EC0-301F-11D3-BF4B-00C04F79EFBC}") = "RssReaderJsonConfigReader", "RssReaderJsonConfigReader\RssReaderJsonConfigReader.csproj", "{790A0F71-4C90-4D88-9287-E9772078F035}"
EndProject
Project("{FAE04EC0-301F-11D3-BF4B-00C04F79EFBC}") = "RssReaderJsonConfigReader.Abstract", "RssReaderJsonConfigReader.Abstract\RssReaderJsonConfigReader.Abstract.csproj", "{DE358EAC-D0FE-4B0A-A00B-96C5D64CE081}"
EndProject
Project("{FAE04EC0-301F-11D3-BF4B-00C04F79EFBC}") = "RssReader.DateTimeWrapper", "RssReader.DateTimeWrapper\RssReader.DateTimeWrapper.csproj", "{3FE3678E-ED7F-464C-AE4D-593ADD87FED3}"
EndProject
Project("{FAE04EC0-301F-11D3-BF4B-00C04F79EFBC}") = "RssReaderDateTimeWrapper.Abstract", "RssReaderDateTimeWrapper.Abstract\RssReaderDateTimeWrapper.Abstract.csproj", "{BE5FF5FA-C703-446E-AC03-1FAB467955C6}"
EndProject
Global
	GlobalSection(SolutionConfigurationPlatforms) = preSolution
		Debug|Any CPU = Debug|Any CPU
		Release|Any CPU = Release|Any CPU
	EndGlobalSection
	GlobalSection(ProjectConfigurationPlatforms) = postSolution
		{8E3DD640-9D42-43F0-B796-5DF7EB27D213}.Debug|Any CPU.ActiveCfg = Debug|Any CPU
		{8E3DD640-9D42-43F0-B796-5DF7EB27D213}.Debug|Any CPU.Build.0 = Debug|Any CPU
		{8E3DD640-9D42-43F0-B796-5DF7EB27D213}.Release|Any CPU.ActiveCfg = Release|Any CPU
		{8E3DD640-9D42-43F0-B796-5DF7EB27D213}.Release|Any CPU.Build.0 = Release|Any CPU
		{469DED37-0B11-461B-A03A-0FC39FDDB9EE}.Debug|Any CPU.ActiveCfg = Debug|Any CPU
		{469DED37-0B11-461B-A03A-0FC39FDDB9EE}.Debug|Any CPU.Build.0 = Debug|Any CPU
		{469DED37-0B11-461B-A03A-0FC39FDDB9EE}.Release|Any CPU.ActiveCfg = Release|Any CPU
		{469DED37-0B11-461B-A03A-0FC39FDDB9EE}.Release|Any CPU.Build.0 = Release|Any CPU
		{A5C878A3-7223-4711-A838-3772E7B35807}.Debug|Any CPU.ActiveCfg = Debug|Any CPU
		{A5C878A3-7223-4711-A838-3772E7B35807}.Debug|Any CPU.Build.0 = Debug|Any CPU
		{A5C878A3-7223-4711-A838-3772E7B35807}.Release|Any CPU.ActiveCfg = Release|Any CPU
		{A5C878A3-7223-4711-A838-3772E7B35807}.Release|Any CPU.Build.0 = Release|Any CPU
		{DD5CACCA-F077-480D-A84B-A5FB59E89EC4}.Debug|Any CPU.ActiveCfg = Debug|Any CPU
		{DD5CACCA-F077-480D-A84B-A5FB59E89EC4}.Debug|Any CPU.Build.0 = Debug|Any CPU
		{DD5CACCA-F077-480D-A84B-A5FB59E89EC4}.Release|Any CPU.ActiveCfg = Release|Any CPU
		{DD5CACCA-F077-480D-A84B-A5FB59E89EC4}.Release|Any CPU.Build.0 = Release|Any CPU
		{E28C1E10-14E4-4207-B809-AA8214C7B3F1}.Debug|Any CPU.ActiveCfg = Debug|Any CPU
		{E28C1E10-14E4-4207-B809-AA8214C7B3F1}.Debug|Any CPU.Build.0 = Debug|Any CPU
		{E28C1E10-14E4-4207-B809-AA8214C7B3F1}.Release|Any CPU.ActiveCfg = Release|Any CPU
		{E28C1E10-14E4-4207-B809-AA8214C7B3F1}.Release|Any CPU.Build.0 = Release|Any CPU
		{3FDF3B9F-39DC-433A-9D70-1DF425B3F805}.Debug|Any CPU.ActiveCfg = Debug|Any CPU
		{3FDF3B9F-39DC-433A-9D70-1DF425B3F805}.Debug|Any CPU.Build.0 = Debug|Any CPU
		{3FDF3B9F-39DC-433A-9D70-1DF425B3F805}.Release|Any CPU.ActiveCfg = Release|Any CPU
		{3FDF3B9F-39DC-433A-9D70-1DF425B3F805}.Release|Any CPU.Build.0 = Release|Any CPU
		{F21FFCD9-B38B-42F9-916E-0763EE01E163}.Debug|Any CPU.ActiveCfg = Debug|Any CPU
		{F21FFCD9-B38B-42F9-916E-0763EE01E163}.Debug|Any CPU.Build.0 = Debug|Any CPU
		{F21FFCD9-B38B-42F9-916E-0763EE01E163}.Release|Any CPU.ActiveCfg = Release|Any CPU
		{F21FFCD9-B38B-42F9-916E-0763EE01E163}.Release|Any CPU.Build.0 = Release|Any CPU
		{A5A6A6FE-01EB-4D1E-98C1-02EEEBBF6456}.Debug|Any CPU.ActiveCfg = Debug|Any CPU
		{A5A6A6FE-01EB-4D1E-98C1-02EEEBBF6456}.Debug|Any CPU.Build.0 = Debug|Any CPU
		{A5A6A6FE-01EB-4D1E-98C1-02EEEBBF6456}.Release|Any CPU.ActiveCfg = Release|Any CPU
		{A5A6A6FE-01EB-4D1E-98C1-02EEEBBF6456}.Release|Any CPU.Build.0 = Release|Any CPU
		{7217800F-8194-482A-8DD5-2AE945EB6F7D}.Debug|Any CPU.ActiveCfg = Debug|Any CPU
		{7217800F-8194-482A-8DD5-2AE945EB6F7D}.Debug|Any CPU.Build.0 = Debug|Any CPU
		{7217800F-8194-482A-8DD5-2AE945EB6F7D}.Release|Any CPU.ActiveCfg = Release|Any CPU
		{7217800F-8194-482A-8DD5-2AE945EB6F7D}.Release|Any CPU.Build.0 = Release|Any CPU
		{10064D49-6A4A-4855-9386-97054EDCB6C6}.Debug|Any CPU.ActiveCfg = Debug|Any CPU
		{10064D49-6A4A-4855-9386-97054EDCB6C6}.Debug|Any CPU.Build.0 = Debug|Any CPU
		{10064D49-6A4A-4855-9386-97054EDCB6C6}.Release|Any CPU.ActiveCfg = Release|Any CPU
		{10064D49-6A4A-4855-9386-97054EDCB6C6}.Release|Any CPU.Build.0 = Release|Any CPU
		{3084DD69-0505-4D2E-B6A0-D6831A460A3C}.Debug|Any CPU.ActiveCfg = Debug|Any CPU
		{3084DD69-0505-4D2E-B6A0-D6831A460A3C}.Debug|Any CPU.Build.0 = Debug|Any CPU
		{3084DD69-0505-4D2E-B6A0-D6831A460A3C}.Release|Any CPU.ActiveCfg = Release|Any CPU
		{3084DD69-0505-4D2E-B6A0-D6831A460A3C}.Release|Any CPU.Build.0 = Release|Any CPU
		{75F404F3-05C7-4784-B025-3D1AEB5128ED}.Debug|Any CPU.ActiveCfg = Debug|Any CPU
		{75F404F3-05C7-4784-B025-3D1AEB5128ED}.Debug|Any CPU.Build.0 = Debug|Any CPU
		{75F404F3-05C7-4784-B025-3D1AEB5128ED}.Release|Any CPU.ActiveCfg = Release|Any CPU
		{75F404F3-05C7-4784-B025-3D1AEB5128ED}.Release|Any CPU.Build.0 = Release|Any CPU
		{CFE25296-29C1-46C9-BF19-5CECC45E0048}.Debug|Any CPU.ActiveCfg = Debug|Any CPU
		{CFE25296-29C1-46C9-BF19-5CECC45E0048}.Debug|Any CPU.Build.0 = Debug|Any CPU
		{CFE25296-29C1-46C9-BF19-5CECC45E0048}.Release|Any CPU.ActiveCfg = Release|Any CPU
		{CFE25296-29C1-46C9-BF19-5CECC45E0048}.Release|Any CPU.Build.0 = Release|Any CPU
		{1FA8EADA-5713-4509-A9EA-811755636041}.Debug|Any CPU.ActiveCfg = Debug|Any CPU
		{1FA8EADA-5713-4509-A9EA-811755636041}.Debug|Any CPU.Build.0 = Debug|Any CPU
		{1FA8EADA-5713-4509-A9EA-811755636041}.Release|Any CPU.ActiveCfg = Release|Any CPU
		{1FA8EADA-5713-4509-A9EA-811755636041}.Release|Any CPU.Build.0 = Release|Any CPU
		{AA6EC0B5-21C8-4058-8023-6794B2A65AFE}.Debug|Any CPU.ActiveCfg = Debug|Any CPU
		{AA6EC0B5-21C8-4058-8023-6794B2A65AFE}.Debug|Any CPU.Build.0 = Debug|Any CPU
		{AA6EC0B5-21C8-4058-8023-6794B2A65AFE}.Release|Any CPU.ActiveCfg = Release|Any CPU
		{AA6EC0B5-21C8-4058-8023-6794B2A65AFE}.Release|Any CPU.Build.0 = Release|Any CPU
		{5ADECD84-B188-4F95-9621-B2E98A83C613}.Debug|Any CPU.ActiveCfg = Debug|Any CPU
		{5ADECD84-B188-4F95-9621-B2E98A83C613}.Debug|Any CPU.Build.0 = Debug|Any CPU
		{5ADECD84-B188-4F95-9621-B2E98A83C613}.Release|Any CPU.ActiveCfg = Release|Any CPU
		{5ADECD84-B188-4F95-9621-B2E98A83C613}.Release|Any CPU.Build.0 = Release|Any CPU
		{680BAE7A-3E88-4C34-A2C9-CA6289FCA38D}.Debug|Any CPU.ActiveCfg = Debug|Any CPU
		{680BAE7A-3E88-4C34-A2C9-CA6289FCA38D}.Debug|Any CPU.Build.0 = Debug|Any CPU
		{680BAE7A-3E88-4C34-A2C9-CA6289FCA38D}.Release|Any CPU.ActiveCfg = Release|Any CPU
		{680BAE7A-3E88-4C34-A2C9-CA6289FCA38D}.Release|Any CPU.Build.0 = Release|Any CPU
		{A84D44B5-B97A-4994-AAB2-13836663C9D4}.Debug|Any CPU.ActiveCfg = Debug|Any CPU
		{A84D44B5-B97A-4994-AAB2-13836663C9D4}.Debug|Any CPU.Build.0 = Debug|Any CPU
		{A84D44B5-B97A-4994-AAB2-13836663C9D4}.Release|Any CPU.ActiveCfg = Release|Any CPU
		{A84D44B5-B97A-4994-AAB2-13836663C9D4}.Release|Any CPU.Build.0 = Release|Any CPU
		{6D93859E-B08F-4DB6-B13B-9B578309205D}.Debug|Any CPU.ActiveCfg = Debug|Any CPU
		{6D93859E-B08F-4DB6-B13B-9B578309205D}.Debug|Any CPU.Build.0 = Debug|Any CPU
		{6D93859E-B08F-4DB6-B13B-9B578309205D}.Release|Any CPU.ActiveCfg = Release|Any CPU
		{6D93859E-B08F-4DB6-B13B-9B578309205D}.Release|Any CPU.Build.0 = Release|Any CPU
		{504DB89A-5607-448F-99E0-39FED6628A04}.Debug|Any CPU.ActiveCfg = Debug|Any CPU
		{504DB89A-5607-448F-99E0-39FED6628A04}.Debug|Any CPU.Build.0 = Debug|Any CPU
		{504DB89A-5607-448F-99E0-39FED6628A04}.Release|Any CPU.ActiveCfg = Release|Any CPU
		{504DB89A-5607-448F-99E0-39FED6628A04}.Release|Any CPU.Build.0 = Release|Any CPU
		{2B035CB0-4592-4D71-8FA1-FB43F4F62573}.Debug|Any CPU.ActiveCfg = Debug|Any CPU
		{2B035CB0-4592-4D71-8FA1-FB43F4F62573}.Debug|Any CPU.Build.0 = Debug|Any CPU
		{2B035CB0-4592-4D71-8FA1-FB43F4F62573}.Release|Any CPU.ActiveCfg = Release|Any CPU
		{2B035CB0-4592-4D71-8FA1-FB43F4F62573}.Release|Any CPU.Build.0 = Release|Any CPU
		{5EAA0F78-33FB-4FAA-8DC3-A08C544C44FA}.Debug|Any CPU.ActiveCfg = Debug|Any CPU
		{5EAA0F78-33FB-4FAA-8DC3-A08C544C44FA}.Debug|Any CPU.Build.0 = Debug|Any CPU
		{5EAA0F78-33FB-4FAA-8DC3-A08C544C44FA}.Release|Any CPU.ActiveCfg = Release|Any CPU
		{5EAA0F78-33FB-4FAA-8DC3-A08C544C44FA}.Release|Any CPU.Build.0 = Release|Any CPU
		{B76D0246-CCEE-4DBC-B315-55BC007A0A40}.Debug|Any CPU.ActiveCfg = Debug|Any CPU
		{B76D0246-CCEE-4DBC-B315-55BC007A0A40}.Debug|Any CPU.Build.0 = Debug|Any CPU
		{B76D0246-CCEE-4DBC-B315-55BC007A0A40}.Release|Any CPU.ActiveCfg = Release|Any CPU
		{B76D0246-CCEE-4DBC-B315-55BC007A0A40}.Release|Any CPU.Build.0 = Release|Any CPU
		{802D40A6-270F-4E4E-B5DD-CAF6B675DEB8}.Debug|Any CPU.ActiveCfg = Debug|Any CPU
		{802D40A6-270F-4E4E-B5DD-CAF6B675DEB8}.Debug|Any CPU.Build.0 = Debug|Any CPU
		{802D40A6-270F-4E4E-B5DD-CAF6B675DEB8}.Release|Any CPU.ActiveCfg = Release|Any CPU
		{802D40A6-270F-4E4E-B5DD-CAF6B675DEB8}.Release|Any CPU.Build.0 = Release|Any CPU
		{140B0531-037B-49DF-98FA-D7AC451A6DD9}.Debug|Any CPU.ActiveCfg = Debug|Any CPU
		{140B0531-037B-49DF-98FA-D7AC451A6DD9}.Debug|Any CPU.Build.0 = Debug|Any CPU
		{140B0531-037B-49DF-98FA-D7AC451A6DD9}.Release|Any CPU.ActiveCfg = Release|Any CPU
		{140B0531-037B-49DF-98FA-D7AC451A6DD9}.Release|Any CPU.Build.0 = Release|Any CPU
		{47A85B75-FA54-4E4E-98DC-A181A6373996}.Debug|Any CPU.ActiveCfg = Debug|Any CPU
		{47A85B75-FA54-4E4E-98DC-A181A6373996}.Debug|Any CPU.Build.0 = Debug|Any CPU
		{47A85B75-FA54-4E4E-98DC-A181A6373996}.Release|Any CPU.ActiveCfg = Release|Any CPU
		{47A85B75-FA54-4E4E-98DC-A181A6373996}.Release|Any CPU.Build.0 = Release|Any CPU
		{3D052A2F-3AA4-4FEA-A2BF-4C3BDCFB1EE8}.Debug|Any CPU.ActiveCfg = Debug|Any CPU
		{3D052A2F-3AA4-4FEA-A2BF-4C3BDCFB1EE8}.Debug|Any CPU.Build.0 = Debug|Any CPU
		{3D052A2F-3AA4-4FEA-A2BF-4C3BDCFB1EE8}.Release|Any CPU.ActiveCfg = Release|Any CPU
		{3D052A2F-3AA4-4FEA-A2BF-4C3BDCFB1EE8}.Release|Any CPU.Build.0 = Release|Any CPU
		{829BCEA1-9AE2-40F3-96D3-A66287943479}.Debug|Any CPU.ActiveCfg = Debug|Any CPU
		{829BCEA1-9AE2-40F3-96D3-A66287943479}.Debug|Any CPU.Build.0 = Debug|Any CPU
		{829BCEA1-9AE2-40F3-96D3-A66287943479}.Release|Any CPU.ActiveCfg = Release|Any CPU
		{829BCEA1-9AE2-40F3-96D3-A66287943479}.Release|Any CPU.Build.0 = Release|Any CPU
		{EFD9398D-1F7B-4BFF-B85E-BBF98979F5BE}.Debug|Any CPU.ActiveCfg = Debug|Any CPU
		{EFD9398D-1F7B-4BFF-B85E-BBF98979F5BE}.Debug|Any CPU.Build.0 = Debug|Any CPU
		{EFD9398D-1F7B-4BFF-B85E-BBF98979F5BE}.Release|Any CPU.ActiveCfg = Release|Any CPU
		{EFD9398D-1F7B-4BFF-B85E-BBF98979F5BE}.Release|Any CPU.Build.0 = Release|Any CPU
		{A63139F6-FFBD-4B7D-91E1-3A25BA3B9706}.Debug|Any CPU.ActiveCfg = Debug|Any CPU
		{A63139F6-FFBD-4B7D-91E1-3A25BA3B9706}.Debug|Any CPU.Build.0 = Debug|Any CPU
		{A63139F6-FFBD-4B7D-91E1-3A25BA3B9706}.Release|Any CPU.ActiveCfg = Release|Any CPU
		{A63139F6-FFBD-4B7D-91E1-3A25BA3B9706}.Release|Any CPU.Build.0 = Release|Any CPU
		{790A0F71-4C90-4D88-9287-E9772078F035}.Debug|Any CPU.ActiveCfg = Debug|Any CPU
		{790A0F71-4C90-4D88-9287-E9772078F035}.Debug|Any CPU.Build.0 = Debug|Any CPU
		{790A0F71-4C90-4D88-9287-E9772078F035}.Release|Any CPU.ActiveCfg = Release|Any CPU
		{790A0F71-4C90-4D88-9287-E9772078F035}.Release|Any CPU.Build.0 = Release|Any CPU
		{DE358EAC-D0FE-4B0A-A00B-96C5D64CE081}.Debug|Any CPU.ActiveCfg = Debug|Any CPU
		{DE358EAC-D0FE-4B0A-A00B-96C5D64CE081}.Debug|Any CPU.Build.0 = Debug|Any CPU
		{DE358EAC-D0FE-4B0A-A00B-96C5D64CE081}.Release|Any CPU.ActiveCfg = Release|Any CPU
		{DE358EAC-D0FE-4B0A-A00B-96C5D64CE081}.Release|Any CPU.Build.0 = Release|Any CPU
		{3FE3678E-ED7F-464C-AE4D-593ADD87FED3}.Debug|Any CPU.ActiveCfg = Debug|Any CPU
		{3FE3678E-ED7F-464C-AE4D-593ADD87FED3}.Debug|Any CPU.Build.0 = Debug|Any CPU
		{3FE3678E-ED7F-464C-AE4D-593ADD87FED3}.Release|Any CPU.ActiveCfg = Release|Any CPU
		{3FE3678E-ED7F-464C-AE4D-593ADD87FED3}.Release|Any CPU.Build.0 = Release|Any CPU
		{BE5FF5FA-C703-446E-AC03-1FAB467955C6}.Debug|Any CPU.ActiveCfg = Debug|Any CPU
		{BE5FF5FA-C703-446E-AC03-1FAB467955C6}.Debug|Any CPU.Build.0 = Debug|Any CPU
		{BE5FF5FA-C703-446E-AC03-1FAB467955C6}.Release|Any CPU.ActiveCfg = Release|Any CPU
		{BE5FF5FA-C703-446E-AC03-1FAB467955C6}.Release|Any CPU.Build.0 = Release|Any CPU
	EndGlobalSection
	GlobalSection(SolutionProperties) = preSolution
		HideSolutionNode = FALSE
	EndGlobalSection
	GlobalSection(NestedProjects) = preSolution
		{8E3DD640-9D42-43F0-B796-5DF7EB27D213} = {B4CD07AA-4D34-45D5-AC6E-8BE382BC0C7D}
		{469DED37-0B11-461B-A03A-0FC39FDDB9EE} = {B4CD07AA-4D34-45D5-AC6E-8BE382BC0C7D}
		{A5C878A3-7223-4711-A838-3772E7B35807} = {CD39D2CB-1562-41C2-B25B-DA73C69AE2E7}
		{DD5CACCA-F077-480D-A84B-A5FB59E89EC4} = {64176CFC-FEFA-4170-8D0C-B91BE0F72F6F}
		{E28C1E10-14E4-4207-B809-AA8214C7B3F1} = {B50BDE6C-7C90-4CE5-B98E-20F23AEFCE36}
		{3FDF3B9F-39DC-433A-9D70-1DF425B3F805} = {B50BDE6C-7C90-4CE5-B98E-20F23AEFCE36}
		{F21FFCD9-B38B-42F9-916E-0763EE01E163} = {64176CFC-FEFA-4170-8D0C-B91BE0F72F6F}
		{A5A6A6FE-01EB-4D1E-98C1-02EEEBBF6456} = {333FCF57-C20C-4879-9D24-3D85E02F8CE2}
		{7217800F-8194-482A-8DD5-2AE945EB6F7D} = {333FCF57-C20C-4879-9D24-3D85E02F8CE2}
		{10064D49-6A4A-4855-9386-97054EDCB6C6} = {333FCF57-C20C-4879-9D24-3D85E02F8CE2}
		{3084DD69-0505-4D2E-B6A0-D6831A460A3C} = {333FCF57-C20C-4879-9D24-3D85E02F8CE2}
		{7EFEBC2B-D9D5-4504-8BE6-3FD70D8482B2} = {F8605E62-EA7B-4A91-85F0-A37B01CABDAF}
		{75F404F3-05C7-4784-B025-3D1AEB5128ED} = {A065D00C-9F8A-4FE6-A2FE-C5C163A21483}
		{CFE25296-29C1-46C9-BF19-5CECC45E0048} = {A065D00C-9F8A-4FE6-A2FE-C5C163A21483}
		{7D6EF8BE-C5BE-4264-AB5E-86CD61D1D0DE} = {F8605E62-EA7B-4A91-85F0-A37B01CABDAF}
		{1FA8EADA-5713-4509-A9EA-811755636041} = {436803A2-BB67-4B66-B24A-0841ECBE1551}
		{AA6EC0B5-21C8-4058-8023-6794B2A65AFE} = {436803A2-BB67-4B66-B24A-0841ECBE1551}
		{C5F9D31D-FE71-4EE4-9968-E07F741C0A3D} = {F8605E62-EA7B-4A91-85F0-A37B01CABDAF}
		{5ADECD84-B188-4F95-9621-B2E98A83C613} = {C5F9D31D-FE71-4EE4-9968-E07F741C0A3D}
		{680BAE7A-3E88-4C34-A2C9-CA6289FCA38D} = {C5F9D31D-FE71-4EE4-9968-E07F741C0A3D}
		{8A7F4886-1BCF-4BC5-8515-5B1FE77BA0C0} = {A203C70E-751C-4161-ABF0-F41FE5D37093}
		{CCF36039-A7AA-4996-BB19-D44B4E6DF244} = {8A7F4886-1BCF-4BC5-8515-5B1FE77BA0C0}
		{A84D44B5-B97A-4994-AAB2-13836663C9D4} = {CCF36039-A7AA-4996-BB19-D44B4E6DF244}
		{6D93859E-B08F-4DB6-B13B-9B578309205D} = {8A7F4886-1BCF-4BC5-8515-5B1FE77BA0C0}
		{504DB89A-5607-448F-99E0-39FED6628A04} = {8A7F4886-1BCF-4BC5-8515-5B1FE77BA0C0}
		{2B035CB0-4592-4D71-8FA1-FB43F4F62573} = {04A34251-14A5-45AA-9014-C52684BCB0C6}
		{5EAA0F78-33FB-4FAA-8DC3-A08C544C44FA} = {8A7F4886-1BCF-4BC5-8515-5B1FE77BA0C0}
		{B76D0246-CCEE-4DBC-B315-55BC007A0A40} = {8A7F4886-1BCF-4BC5-8515-5B1FE77BA0C0}
		{802D40A6-270F-4E4E-B5DD-CAF6B675DEB8} = {B50BDE6C-7C90-4CE5-B98E-20F23AEFCE36}
		{140B0531-037B-49DF-98FA-D7AC451A6DD9} = {B50BDE6C-7C90-4CE5-B98E-20F23AEFCE36}
		{47A85B75-FA54-4E4E-98DC-A181A6373996} = {B50BDE6C-7C90-4CE5-B98E-20F23AEFCE36}
		{3D052A2F-3AA4-4FEA-A2BF-4C3BDCFB1EE8} = {B50BDE6C-7C90-4CE5-B98E-20F23AEFCE36}
		{829BCEA1-9AE2-40F3-96D3-A66287943479} = {B50BDE6C-7C90-4CE5-B98E-20F23AEFCE36}
		{EFD9398D-1F7B-4BFF-B85E-BBF98979F5BE} = {B50BDE6C-7C90-4CE5-B98E-20F23AEFCE36}
		{333FCF57-C20C-4879-9D24-3D85E02F8CE2} = {7EFEBC2B-D9D5-4504-8BE6-3FD70D8482B2}
		{B50BDE6C-7C90-4CE5-B98E-20F23AEFCE36} = {7EFEBC2B-D9D5-4504-8BE6-3FD70D8482B2}
		{B979B06C-E39B-4B0D-A874-18992E71C259} = {7EFEBC2B-D9D5-4504-8BE6-3FD70D8482B2}
		{64176CFC-FEFA-4170-8D0C-B91BE0F72F6F} = {7EFEBC2B-D9D5-4504-8BE6-3FD70D8482B2}
		{CD39D2CB-1562-41C2-B25B-DA73C69AE2E7} = {B979B06C-E39B-4B0D-A874-18992E71C259}
		{B4CD07AA-4D34-45D5-AC6E-8BE382BC0C7D} = {B979B06C-E39B-4B0D-A874-18992E71C259}
		{436803A2-BB67-4B66-B24A-0841ECBE1551} = {7D6EF8BE-C5BE-4264-AB5E-86CD61D1D0DE}
		{04A34251-14A5-45AA-9014-C52684BCB0C6} = {7D6EF8BE-C5BE-4264-AB5E-86CD61D1D0DE}
		{A203C70E-751C-4161-ABF0-F41FE5D37093} = {2F97F296-B7A0-4337-BAEE-36EABCBF6AD8}
		{DA561C1C-9C8A-4B61-B63F-ACF2D58E50D0} = {2F97F296-B7A0-4337-BAEE-36EABCBF6AD8}
		{C9460967-20D9-4AF2-834F-F06C170F4E43} = {7EFEBC2B-D9D5-4504-8BE6-3FD70D8482B2}
		{A63139F6-FFBD-4B7D-91E1-3A25BA3B9706} = {C9460967-20D9-4AF2-834F-F06C170F4E43}
		{5ECF34A2-15DB-41E8-BC34-40E6F3E8F427} = {7EFEBC2B-D9D5-4504-8BE6-3FD70D8482B2}
		{D18F1C43-5BDC-4A6F-9367-3C25FCA40A79} = {5ECF34A2-15DB-41E8-BC34-40E6F3E8F427}
		{790A0F71-4C90-4D88-9287-E9772078F035} = {D18F1C43-5BDC-4A6F-9367-3C25FCA40A79}
		{DE358EAC-D0FE-4B0A-A00B-96C5D64CE081} = {D18F1C43-5BDC-4A6F-9367-3C25FCA40A79}
		{3FE3678E-ED7F-464C-AE4D-593ADD87FED3} = {333FCF57-C20C-4879-9D24-3D85E02F8CE2}
		{BE5FF5FA-C703-446E-AC03-1FAB467955C6} = {333FCF57-C20C-4879-9D24-3D85E02F8CE2}
	EndGlobalSection
	GlobalSection(ExtensibilityGlobals) = postSolution
		SolutionGuid = {DE46DB52-3FDF-484E-8E34-BC27164BEC41}
	EndGlobalSection
EndGlobal
